
Microsoft Visual Studio Solution File, Format Version 12.00
# Visual Studio Version 17
VisualStudioVersion = 17.9.34607.119
MinimumVisualStudioVersion = 10.0.40219.1
Project("{9A19103F-16F7-4668-BE54-9A1E7A4F7556}") = "AppBlog.Api", "src\AppBlog.Api\AppBlog.Api.csproj", "{6932E19A-3C6F-42FF-B4DB-6A3391D43866}"
EndProject
Project("{9A19103F-16F7-4668-BE54-9A1E7A4F7556}") = "Core", "src\AppBlog.Core\Core.csproj", "{FE45A0C5-4AE0-4B7B-9581-5C466D020C13}"
EndProject
Project("{9A19103F-16F7-4668-BE54-9A1E7A4F7556}") = "AppBlog.WebApp", "src\AppBlog.WebApp\AppBlog.WebApp.csproj", "{AA286F08-7E7A-40BF-8429-2923D0657B51}"
EndProject
Project("{9A19103F-16F7-4668-BE54-9A1E7A4F7556}") = "Data", "src\AppBlog.Data\Data.csproj", "{6999618B-C31F-4345-9D40-BBA023BF2B9B}"
EndProject
Global
	GlobalSection(SolutionConfigurationPlatforms) = preSolution
		Debug|Any CPU = Debug|Any CPU
		Release|Any CPU = Release|Any CPU
	EndGlobalSection
	GlobalSection(ProjectConfigurationPlatforms) = postSolution
		{6932E19A-3C6F-42FF-B4DB-6A3391D43866}.Debug|Any CPU.ActiveCfg = Debug|Any CPU
		{6932E19A-3C6F-42FF-B4DB-6A3391D43866}.Debug|Any CPU.Build.0 = Debug|Any CPU
		{6932E19A-3C6F-42FF-B4DB-6A3391D43866}.Release|Any CPU.ActiveCfg = Release|Any CPU
		{6932E19A-3C6F-42FF-B4DB-6A3391D43866}.Release|Any CPU.Build.0 = Release|Any CPU
		{FE45A0C5-4AE0-4B7B-9581-5C466D020C13}.Debug|Any CPU.ActiveCfg = Debug|Any CPU
		{FE45A0C5-4AE0-4B7B-9581-5C466D020C13}.Debug|Any CPU.Build.0 = Debug|Any CPU
		{FE45A0C5-4AE0-4B7B-9581-5C466D020C13}.Release|Any CPU.ActiveCfg = Release|Any CPU
		{FE45A0C5-4AE0-4B7B-9581-5C466D020C13}.Release|Any CPU.Build.0 = Release|Any CPU
		{AA286F08-7E7A-40BF-8429-2923D0657B51}.Debug|Any CPU.ActiveCfg = Debug|Any CPU
		{AA286F08-7E7A-40BF-8429-2923D0657B51}.Debug|Any CPU.Build.0 = Debug|Any CPU
		{AA286F08-7E7A-40BF-8429-2923D0657B51}.Release|Any CPU.ActiveCfg = Release|Any CPU
		{AA286F08-7E7A-40BF-8429-2923D0657B51}.Release|Any CPU.Build.0 = Release|Any CPU
		{6999618B-C31F-4345-9D40-BBA023BF2B9B}.Debug|Any CPU.ActiveCfg = Debug|Any CPU
		{6999618B-C31F-4345-9D40-BBA023BF2B9B}.Debug|Any CPU.Build.0 = Debug|Any CPU
		{6999618B-C31F-4345-9D40-BBA023BF2B9B}.Release|Any CPU.ActiveCfg = Release|Any CPU
		{6999618B-C31F-4345-9D40-BBA023BF2B9B}.Release|Any CPU.Build.0 = Release|Any CPU
	EndGlobalSection
	GlobalSection(SolutionProperties) = preSolution
		HideSolutionNode = FALSE
	EndGlobalSection
	GlobalSection(ExtensibilityGlobals) = postSolution
		SolutionGuid = {4ED363FB-58A1-4DD5-8D46-AB3A20609C5D}
	EndGlobalSection
EndGlobal
